
Microsoft Visual Studio Solution File, Format Version 12.00
# Visual Studio Version 16
VisualStudioVersion = 16.0.29806.167
MinimumVisualStudioVersion = 10.0.40219.1
Project("{2150E333-8FDC-42A3-9474-1A3956D46DE8}") = "NPAPI", "NPAPI", "{9CCD03BC-5127-47FE-A51C-3D1F79EDE33F}"
EndProject
Project("{2150E333-8FDC-42A3-9474-1A3956D46DE8}") = "Doc", "Doc", "{74B59587-B61C-4B34-8149-04DCEC8EA775}"
	ProjectSection(SolutionItems) = preProject
		Overview.txt = Overview.txt
	EndProjectSection
EndProject
Project("{2150E333-8FDC-42A3-9474-1A3956D46DE8}") = "CSharp", "CSharp", "{6DA075EF-D999-4FAF-9A86-8B2480669674}"
EndProject
Project("{2150E333-8FDC-42A3-9474-1A3956D46DE8}") = "Cpp", "Cpp", "{ADE22FBB-6C94-4FC3-9A10-58A75A0C7F19}"
EndProject
Project("{8BC9CEB8-8B4A-11D0-8D11-00A0C91BC942}") = "NamedPipes", "NamedPipes\NamedPipes.vcxitems", "{8E6477D1-4A8D-4157-A0A3-5C43EE3ACA90}"
EndProject
Project("{8BC9CEB8-8B4A-11D0-8D11-00A0C91BC942}") = "NamedPipes-x86", "NamedPipes-x86\NamedPipes-x86.vcxproj", "{2C83902F-E373-4DC3-8D7A-452053583813}"
EndProject
Project("{8BC9CEB8-8B4A-11D0-8D11-00A0C91BC942}") = "NamedPipes-Test", "NamedPipes-Test\NamedPipes-Test.vcxitems", "{99D4DB48-9B33-4762-B0B7-C65AAAF41073}"
EndProject
Project("{8BC9CEB8-8B4A-11D0-8D11-00A0C91BC942}") = "NamedPipes-x64", "NamedPipes-x64\NamedPipes-x64.vcxproj", "{9E666F14-8CE5-404A-990D-286B28745302}"
EndProject
Project("{8BC9CEB8-8B4A-11D0-8D11-00A0C91BC942}") = "NamedPipes-x64-Test", "NamedPipes-x64-Test\NamedPipes-x64-Test.vcxproj", "{7374EB7F-60B1-441F-8A22-0FEBC72B557E}"
EndProject
Project("{8BC9CEB8-8B4A-11D0-8D11-00A0C91BC942}") = "NamedPipes-x86-Test", "NamedPipes-x86-Test\NamedPipes-x86-Test.vcxproj", "{69A2E939-19E5-40BC-8EA4-8A5BEF7A23C5}"
EndProject
Project("{2150E333-8FDC-42A3-9474-1A3956D46DE8}") = "CppCommon", "CppCommon", "{A6E993AA-3AFA-4079-ABC6-E783635FB757}"
EndProject
Project("{8BC9CEB8-8B4A-11D0-8D11-00A0C91BC942}") = "CppCommon", "CppCommon\CppCommon.vcxitems", "{314DB8AC-6CE0-4CA6-B80F-EECEEC49F551}"
EndProject
Project("{8BC9CEB8-8B4A-11D0-8D11-00A0C91BC942}") = "CppCommon-x64", "CppCommon-x64\CppCommon-x64.vcxproj", "{E4B15799-A6E7-47C7-BA91-9AA9F33DA3DF}"
EndProject
Project("{8BC9CEB8-8B4A-11D0-8D11-00A0C91BC942}") = "CppCommon-x86", "CppCommon-x86\CppCommon-x86.vcxproj", "{8CAFAE65-D955-457F-954A-9B6F22FC3520}"
EndProject
Project("{2150E333-8FDC-42A3-9474-1A3956D46DE8}") = "Extern", "Extern", "{2D8E54C4-B201-4AE7-914C-FB9C0E108F9C}"
EndProject
Project("{8BC9CEB8-8B4A-11D0-8D11-00A0C91BC942}") = "CppCommon-Any", "CppCommon-Any\CppCommon-Any.vcxproj", "{9FE18B12-A45E-4C04-B4FE-E88D54BDD9AE}"
EndProject
Project("{8BC9CEB8-8B4A-11D0-8D11-00A0C91BC942}") = "libil2cpp-242", "Extern\il2cpp\24.2\il2cpp\libil2cpp\libil2cpp-242.vcxproj", "{848E3796-AAAC-4726-9B51-94FBFEB667B3}"
EndProject
Global
	GlobalSection(SharedMSBuildProjectFiles) = preSolution
		NamedPipes\NamedPipes.vcxitems*{2c83902f-e373-4dc3-8d7a-452053583813}*SharedItemsImports = 4
		CppCommon\CppCommon.vcxitems*{314db8ac-6ce0-4ca6-b80f-eeceec49f551}*SharedItemsImports = 9
		NamedPipes-Test\NamedPipes-Test.vcxitems*{69a2e939-19e5-40bc-8ea4-8a5bef7a23c5}*SharedItemsImports = 4
		NamedPipes\NamedPipes.vcxitems*{69a2e939-19e5-40bc-8ea4-8a5bef7a23c5}*SharedItemsImports = 4
		NamedPipes-Test\NamedPipes-Test.vcxitems*{7374eb7f-60b1-441f-8a22-0febc72b557e}*SharedItemsImports = 4
		NamedPipes\NamedPipes.vcxitems*{7374eb7f-60b1-441f-8a22-0febc72b557e}*SharedItemsImports = 4
		CppCommon\CppCommon.vcxitems*{8cafae65-d955-457f-954a-9b6f22fc3520}*SharedItemsImports = 4
		NamedPipes\NamedPipes.vcxitems*{8e6477d1-4a8d-4157-a0a3-5c43ee3aca90}*SharedItemsImports = 9
		NamedPipes-Test\NamedPipes-Test.vcxitems*{99d4db48-9b33-4762-b0b7-c65aaaf41073}*SharedItemsImports = 9
		NamedPipes\NamedPipes.vcxitems*{9e666f14-8ce5-404a-990d-286b28745302}*SharedItemsImports = 4
		CppCommon\CppCommon.vcxitems*{9fe18b12-a45e-4c04-b4fe-e88d54bdd9ae}*SharedItemsImports = 4
		CppCommon\CppCommon.vcxitems*{e4b15799-a6e7-47c7-ba91-9aa9f33da3df}*SharedItemsImports = 4
	EndGlobalSection
	GlobalSection(SolutionConfigurationPlatforms) = preSolution
		Debug_Tests|ARM = Debug_Tests|ARM
		Debug_Tests|x64 = Debug_Tests|x64
		Debug_Tests|x86 = Debug_Tests|x86
		Debug|ARM = Debug|ARM
		Debug|x64 = Debug|x64
		Debug|x86 = Debug|x86
		Debug45|ARM = Debug45|ARM
		Debug45|x64 = Debug45|x64
		Debug45|x86 = Debug45|x86
		Release|ARM = Release|ARM
		Release|x64 = Release|x64
		Release|x86 = Release|x86
		Release45|ARM = Release45|ARM
		Release45|x64 = Release45|x64
		Release45|x86 = Release45|x86
		WinRT-UWP-Debug|ARM = WinRT-UWP-Debug|ARM
		WinRT-UWP-Debug|x64 = WinRT-UWP-Debug|x64
		WinRT-UWP-Debug|x86 = WinRT-UWP-Debug|x86
		WinRT-UWP-Debug45|ARM = WinRT-UWP-Debug45|ARM
		WinRT-UWP-Debug45|x64 = WinRT-UWP-Debug45|x64
		WinRT-UWP-Debug45|x86 = WinRT-UWP-Debug45|x86
		WinRT-UWP-Release|ARM = WinRT-UWP-Release|ARM
		WinRT-UWP-Release|x64 = WinRT-UWP-Release|x64
		WinRT-UWP-Release|x86 = WinRT-UWP-Release|x86
		WinRT-UWP-Release45|ARM = WinRT-UWP-Release45|ARM
		WinRT-UWP-Release45|x64 = WinRT-UWP-Release45|x64
		WinRT-UWP-Release45|x86 = WinRT-UWP-Release45|x86
	EndGlobalSection
	GlobalSection(ProjectConfigurationPlatforms) = postSolution
		{2C83902F-E373-4DC3-8D7A-452053583813}.Debug_Tests|ARM.ActiveCfg = Debug|x64
		{2C83902F-E373-4DC3-8D7A-452053583813}.Debug_Tests|ARM.Build.0 = Debug|x64
		{2C83902F-E373-4DC3-8D7A-452053583813}.Debug_Tests|x64.ActiveCfg = Debug|x64
		{2C83902F-E373-4DC3-8D7A-452053583813}.Debug_Tests|x64.Build.0 = Debug|x64
		{2C83902F-E373-4DC3-8D7A-452053583813}.Debug_Tests|x86.ActiveCfg = Debug|Win32
		{2C83902F-E373-4DC3-8D7A-452053583813}.Debug_Tests|x86.Build.0 = Debug|Win32
		{2C83902F-E373-4DC3-8D7A-452053583813}.Debug|ARM.ActiveCfg = Debug|Win32
		{2C83902F-E373-4DC3-8D7A-452053583813}.Debug|x64.ActiveCfg = Debug|Win32
		{2C83902F-E373-4DC3-8D7A-452053583813}.Debug|x64.Build.0 = Debug|Win32
		{2C83902F-E373-4DC3-8D7A-452053583813}.Debug|x86.ActiveCfg = Debug|Win32
		{2C83902F-E373-4DC3-8D7A-452053583813}.Debug|x86.Build.0 = Debug|Win32
		{2C83902F-E373-4DC3-8D7A-452053583813}.Debug45|ARM.ActiveCfg = Debug|x64
		{2C83902F-E373-4DC3-8D7A-452053583813}.Debug45|ARM.Build.0 = Debug|x64
		{2C83902F-E373-4DC3-8D7A-452053583813}.Debug45|x64.ActiveCfg = Debug|x64
		{2C83902F-E373-4DC3-8D7A-452053583813}.Debug45|x64.Build.0 = Debug|x64
		{2C83902F-E373-4DC3-8D7A-452053583813}.Debug45|x86.ActiveCfg = Debug|Win32
		{2C83902F-E373-4DC3-8D7A-452053583813}.Debug45|x86.Build.0 = Debug|Win32
		{2C83902F-E373-4DC3-8D7A-452053583813}.Release|ARM.ActiveCfg = Release|Win32
		{2C83902F-E373-4DC3-8D7A-452053583813}.Release|x64.ActiveCfg = Release|x64
		{2C83902F-E373-4DC3-8D7A-452053583813}.Release|x64.Build.0 = Release|x64
		{2C83902F-E373-4DC3-8D7A-452053583813}.Release|x86.ActiveCfg = Release|Win32
		{2C83902F-E373-4DC3-8D7A-452053583813}.Release|x86.Build.0 = Release|Win32
		{2C83902F-E373-4DC3-8D7A-452053583813}.Release45|ARM.ActiveCfg = Debug|x64
		{2C83902F-E373-4DC3-8D7A-452053583813}.Release45|ARM.Build.0 = Debug|x64
		{2C83902F-E373-4DC3-8D7A-452053583813}.Release45|x64.ActiveCfg = Release|x64
		{2C83902F-E373-4DC3-8D7A-452053583813}.Release45|x64.Build.0 = Release|x64
		{2C83902F-E373-4DC3-8D7A-452053583813}.Release45|x86.ActiveCfg = Release|Win32
		{2C83902F-E373-4DC3-8D7A-452053583813}.Release45|x86.Build.0 = Release|Win32
		{2C83902F-E373-4DC3-8D7A-452053583813}.WinRT-UWP-Debug|ARM.ActiveCfg = Debug|x64
		{2C83902F-E373-4DC3-8D7A-452053583813}.WinRT-UWP-Debug|ARM.Build.0 = Debug|x64
		{2C83902F-E373-4DC3-8D7A-452053583813}.WinRT-UWP-Debug|x64.ActiveCfg = Debug|x64
		{2C83902F-E373-4DC3-8D7A-452053583813}.WinRT-UWP-Debug|x64.Build.0 = Debug|x64
		{2C83902F-E373-4DC3-8D7A-452053583813}.WinRT-UWP-Debug|x86.ActiveCfg = Debug|Win32
		{2C83902F-E373-4DC3-8D7A-452053583813}.WinRT-UWP-Debug|x86.Build.0 = Debug|Win32
		{2C83902F-E373-4DC3-8D7A-452053583813}.WinRT-UWP-Debug45|ARM.ActiveCfg = Debug|x64
		{2C83902F-E373-4DC3-8D7A-452053583813}.WinRT-UWP-Debug45|ARM.Build.0 = Debug|x64
		{2C83902F-E373-4DC3-8D7A-452053583813}.WinRT-UWP-Debug45|x64.ActiveCfg = Debug|x64
		{2C83902F-E373-4DC3-8D7A-452053583813}.WinRT-UWP-Debug45|x64.Build.0 = Debug|x64
		{2C83902F-E373-4DC3-8D7A-452053583813}.WinRT-UWP-Debug45|x86.ActiveCfg = Debug|Win32
		{2C83902F-E373-4DC3-8D7A-452053583813}.WinRT-UWP-Debug45|x86.Build.0 = Debug|Win32
		{2C83902F-E373-4DC3-8D7A-452053583813}.WinRT-UWP-Release|ARM.ActiveCfg = Debug|x64
		{2C83902F-E373-4DC3-8D7A-452053583813}.WinRT-UWP-Release|ARM.Build.0 = Debug|x64
		{2C83902F-E373-4DC3-8D7A-452053583813}.WinRT-UWP-Release|x64.ActiveCfg = Release|x64
		{2C83902F-E373-4DC3-8D7A-452053583813}.WinRT-UWP-Release|x64.Build.0 = Release|x64
		{2C83902F-E373-4DC3-8D7A-452053583813}.WinRT-UWP-Release|x86.ActiveCfg = Release|Win32
		{2C83902F-E373-4DC3-8D7A-452053583813}.WinRT-UWP-Release|x86.Build.0 = Release|Win32
		{2C83902F-E373-4DC3-8D7A-452053583813}.WinRT-UWP-Release45|ARM.ActiveCfg = Debug|x64
		{2C83902F-E373-4DC3-8D7A-452053583813}.WinRT-UWP-Release45|ARM.Build.0 = Debug|x64
		{2C83902F-E373-4DC3-8D7A-452053583813}.WinRT-UWP-Release45|x64.ActiveCfg = Release|x64
		{2C83902F-E373-4DC3-8D7A-452053583813}.WinRT-UWP-Release45|x64.Build.0 = Release|x64
		{2C83902F-E373-4DC3-8D7A-452053583813}.WinRT-UWP-Release45|x86.ActiveCfg = Release|Win32
		{2C83902F-E373-4DC3-8D7A-452053583813}.WinRT-UWP-Release45|x86.Build.0 = Release|Win32
		{9E666F14-8CE5-404A-990D-286B28745302}.Debug_Tests|ARM.ActiveCfg = Release|Win32
		{9E666F14-8CE5-404A-990D-286B28745302}.Debug_Tests|ARM.Build.0 = Release|Win32
		{9E666F14-8CE5-404A-990D-286B28745302}.Debug_Tests|x64.ActiveCfg = Debug|x64
		{9E666F14-8CE5-404A-990D-286B28745302}.Debug_Tests|x64.Build.0 = Debug|x64
		{9E666F14-8CE5-404A-990D-286B28745302}.Debug_Tests|x86.ActiveCfg = Debug|Win32
		{9E666F14-8CE5-404A-990D-286B28745302}.Debug_Tests|x86.Build.0 = Debug|Win32
		{9E666F14-8CE5-404A-990D-286B28745302}.Debug|ARM.ActiveCfg = Debug|Win32
		{9E666F14-8CE5-404A-990D-286B28745302}.Debug|x64.ActiveCfg = Debug|x64
		{9E666F14-8CE5-404A-990D-286B28745302}.Debug|x64.Build.0 = Debug|x64
		{9E666F14-8CE5-404A-990D-286B28745302}.Debug|x86.ActiveCfg = Debug|Win32
		{9E666F14-8CE5-404A-990D-286B28745302}.Debug|x86.Build.0 = Debug|Win32
		{9E666F14-8CE5-404A-990D-286B28745302}.Debug45|ARM.ActiveCfg = Release|Win32
		{9E666F14-8CE5-404A-990D-286B28745302}.Debug45|ARM.Build.0 = Release|Win32
		{9E666F14-8CE5-404A-990D-286B28745302}.Debug45|x64.ActiveCfg = Debug|x64
		{9E666F14-8CE5-404A-990D-286B28745302}.Debug45|x64.Build.0 = Debug|x64
		{9E666F14-8CE5-404A-990D-286B28745302}.Debug45|x86.ActiveCfg = Debug|Win32
		{9E666F14-8CE5-404A-990D-286B28745302}.Debug45|x86.Build.0 = Debug|Win32
		{9E666F14-8CE5-404A-990D-286B28745302}.Release|ARM.ActiveCfg = Release|Win32
		{9E666F14-8CE5-404A-990D-286B28745302}.Release|x64.ActiveCfg = Release|x64
		{9E666F14-8CE5-404A-990D-286B28745302}.Release|x64.Build.0 = Release|x64
		{9E666F14-8CE5-404A-990D-286B28745302}.Release|x86.ActiveCfg = Release|Win32
		{9E666F14-8CE5-404A-990D-286B28745302}.Release|x86.Build.0 = Release|Win32
		{9E666F14-8CE5-404A-990D-286B28745302}.Release45|ARM.ActiveCfg = Release|Win32
		{9E666F14-8CE5-404A-990D-286B28745302}.Release45|ARM.Build.0 = Release|Win32
		{9E666F14-8CE5-404A-990D-286B28745302}.Release45|x64.ActiveCfg = Release|x64
		{9E666F14-8CE5-404A-990D-286B28745302}.Release45|x64.Build.0 = Release|x64
		{9E666F14-8CE5-404A-990D-286B28745302}.Release45|x86.ActiveCfg = Release|Win32
		{9E666F14-8CE5-404A-990D-286B28745302}.Release45|x86.Build.0 = Release|Win32
		{9E666F14-8CE5-404A-990D-286B28745302}.WinRT-UWP-Debug|ARM.ActiveCfg = Release|Win32
		{9E666F14-8CE5-404A-990D-286B28745302}.WinRT-UWP-Debug|ARM.Build.0 = Release|Win32
		{9E666F14-8CE5-404A-990D-286B28745302}.WinRT-UWP-Debug|x64.ActiveCfg = Debug|x64
		{9E666F14-8CE5-404A-990D-286B28745302}.WinRT-UWP-Debug|x64.Build.0 = Debug|x64
		{9E666F14-8CE5-404A-990D-286B28745302}.WinRT-UWP-Debug|x86.ActiveCfg = Debug|Win32
		{9E666F14-8CE5-404A-990D-286B28745302}.WinRT-UWP-Debug|x86.Build.0 = Debug|Win32
		{9E666F14-8CE5-404A-990D-286B28745302}.WinRT-UWP-Debug45|ARM.ActiveCfg = Release|Win32
		{9E666F14-8CE5-404A-990D-286B28745302}.WinRT-UWP-Debug45|ARM.Build.0 = Release|Win32
		{9E666F14-8CE5-404A-990D-286B28745302}.WinRT-UWP-Debug45|x64.ActiveCfg = Debug|x64
		{9E666F14-8CE5-404A-990D-286B28745302}.WinRT-UWP-Debug45|x64.Build.0 = Debug|x64
		{9E666F14-8CE5-404A-990D-286B28745302}.WinRT-UWP-Debug45|x86.ActiveCfg = Debug|Win32
		{9E666F14-8CE5-404A-990D-286B28745302}.WinRT-UWP-Debug45|x86.Build.0 = Debug|Win32
		{9E666F14-8CE5-404A-990D-286B28745302}.WinRT-UWP-Release|ARM.ActiveCfg = Release|Win32
		{9E666F14-8CE5-404A-990D-286B28745302}.WinRT-UWP-Release|ARM.Build.0 = Release|Win32
		{9E666F14-8CE5-404A-990D-286B28745302}.WinRT-UWP-Release|x64.ActiveCfg = Release|x64
		{9E666F14-8CE5-404A-990D-286B28745302}.WinRT-UWP-Release|x64.Build.0 = Release|x64
		{9E666F14-8CE5-404A-990D-286B28745302}.WinRT-UWP-Release|x86.ActiveCfg = Release|Win32
		{9E666F14-8CE5-404A-990D-286B28745302}.WinRT-UWP-Release|x86.Build.0 = Release|Win32
		{9E666F14-8CE5-404A-990D-286B28745302}.WinRT-UWP-Release45|ARM.ActiveCfg = Release|Win32
		{9E666F14-8CE5-404A-990D-286B28745302}.WinRT-UWP-Release45|ARM.Build.0 = Release|Win32
		{9E666F14-8CE5-404A-990D-286B28745302}.WinRT-UWP-Release45|x64.ActiveCfg = Release|x64
		{9E666F14-8CE5-404A-990D-286B28745302}.WinRT-UWP-Release45|x64.Build.0 = Release|x64
		{9E666F14-8CE5-404A-990D-286B28745302}.WinRT-UWP-Release45|x86.ActiveCfg = Release|Win32
		{9E666F14-8CE5-404A-990D-286B28745302}.WinRT-UWP-Release45|x86.Build.0 = Release|Win32
		{7374EB7F-60B1-441F-8A22-0FEBC72B557E}.Debug_Tests|ARM.ActiveCfg = Release|Win32
		{7374EB7F-60B1-441F-8A22-0FEBC72B557E}.Debug_Tests|ARM.Build.0 = Release|Win32
		{7374EB7F-60B1-441F-8A22-0FEBC72B557E}.Debug_Tests|x64.ActiveCfg = Debug|x64
		{7374EB7F-60B1-441F-8A22-0FEBC72B557E}.Debug_Tests|x64.Build.0 = Debug|x64
		{7374EB7F-60B1-441F-8A22-0FEBC72B557E}.Debug_Tests|x86.ActiveCfg = Debug|Win32
		{7374EB7F-60B1-441F-8A22-0FEBC72B557E}.Debug_Tests|x86.Build.0 = Debug|Win32
		{7374EB7F-60B1-441F-8A22-0FEBC72B557E}.Debug|ARM.ActiveCfg = Debug|Win32
		{7374EB7F-60B1-441F-8A22-0FEBC72B557E}.Debug|x64.ActiveCfg = Debug|x64
		{7374EB7F-60B1-441F-8A22-0FEBC72B557E}.Debug|x64.Build.0 = Debug|x64
		{7374EB7F-60B1-441F-8A22-0FEBC72B557E}.Debug|x86.ActiveCfg = Debug|Win32
		{7374EB7F-60B1-441F-8A22-0FEBC72B557E}.Debug|x86.Build.0 = Debug|Win32
		{7374EB7F-60B1-441F-8A22-0FEBC72B557E}.Debug45|ARM.ActiveCfg = Release|Win32
		{7374EB7F-60B1-441F-8A22-0FEBC72B557E}.Debug45|ARM.Build.0 = Release|Win32
		{7374EB7F-60B1-441F-8A22-0FEBC72B557E}.Debug45|x64.ActiveCfg = Debug|x64
		{7374EB7F-60B1-441F-8A22-0FEBC72B557E}.Debug45|x64.Build.0 = Debug|x64
		{7374EB7F-60B1-441F-8A22-0FEBC72B557E}.Debug45|x86.ActiveCfg = Debug|Win32
		{7374EB7F-60B1-441F-8A22-0FEBC72B557E}.Debug45|x86.Build.0 = Debug|Win32
		{7374EB7F-60B1-441F-8A22-0FEBC72B557E}.Release|ARM.ActiveCfg = Release|Win32
		{7374EB7F-60B1-441F-8A22-0FEBC72B557E}.Release|x64.ActiveCfg = Release|x64
		{7374EB7F-60B1-441F-8A22-0FEBC72B557E}.Release|x64.Build.0 = Release|x64
		{7374EB7F-60B1-441F-8A22-0FEBC72B557E}.Release|x86.ActiveCfg = Release|Win32
		{7374EB7F-60B1-441F-8A22-0FEBC72B557E}.Release|x86.Build.0 = Release|Win32
		{7374EB7F-60B1-441F-8A22-0FEBC72B557E}.Release45|ARM.ActiveCfg = Release|Win32
		{7374EB7F-60B1-441F-8A22-0FEBC72B557E}.Release45|ARM.Build.0 = Release|Win32
		{7374EB7F-60B1-441F-8A22-0FEBC72B557E}.Release45|x64.ActiveCfg = Release|x64
		{7374EB7F-60B1-441F-8A22-0FEBC72B557E}.Release45|x64.Build.0 = Release|x64
		{7374EB7F-60B1-441F-8A22-0FEBC72B557E}.Release45|x86.ActiveCfg = Release|Win32
		{7374EB7F-60B1-441F-8A22-0FEBC72B557E}.Release45|x86.Build.0 = Release|Win32
		{7374EB7F-60B1-441F-8A22-0FEBC72B557E}.WinRT-UWP-Debug|ARM.ActiveCfg = Release|Win32
		{7374EB7F-60B1-441F-8A22-0FEBC72B557E}.WinRT-UWP-Debug|ARM.Build.0 = Release|Win32
		{7374EB7F-60B1-441F-8A22-0FEBC72B557E}.WinRT-UWP-Debug|x64.ActiveCfg = Debug|x64
		{7374EB7F-60B1-441F-8A22-0FEBC72B557E}.WinRT-UWP-Debug|x64.Build.0 = Debug|x64
		{7374EB7F-60B1-441F-8A22-0FEBC72B557E}.WinRT-UWP-Debug|x86.ActiveCfg = Debug|Win32
		{7374EB7F-60B1-441F-8A22-0FEBC72B557E}.WinRT-UWP-Debug|x86.Build.0 = Debug|Win32
		{7374EB7F-60B1-441F-8A22-0FEBC72B557E}.WinRT-UWP-Debug45|ARM.ActiveCfg = Release|Win32
		{7374EB7F-60B1-441F-8A22-0FEBC72B557E}.WinRT-UWP-Debug45|ARM.Build.0 = Release|Win32
		{7374EB7F-60B1-441F-8A22-0FEBC72B557E}.WinRT-UWP-Debug45|x64.ActiveCfg = Debug|x64
		{7374EB7F-60B1-441F-8A22-0FEBC72B557E}.WinRT-UWP-Debug45|x64.Build.0 = Debug|x64
		{7374EB7F-60B1-441F-8A22-0FEBC72B557E}.WinRT-UWP-Debug45|x86.ActiveCfg = Debug|Win32
		{7374EB7F-60B1-441F-8A22-0FEBC72B557E}.WinRT-UWP-Debug45|x86.Build.0 = Debug|Win32
		{7374EB7F-60B1-441F-8A22-0FEBC72B557E}.WinRT-UWP-Release|ARM.ActiveCfg = Release|Win32
		{7374EB7F-60B1-441F-8A22-0FEBC72B557E}.WinRT-UWP-Release|ARM.Build.0 = Release|Win32
		{7374EB7F-60B1-441F-8A22-0FEBC72B557E}.WinRT-UWP-Release|x64.ActiveCfg = Release|x64
		{7374EB7F-60B1-441F-8A22-0FEBC72B557E}.WinRT-UWP-Release|x64.Build.0 = Release|x64
		{7374EB7F-60B1-441F-8A22-0FEBC72B557E}.WinRT-UWP-Release|x86.ActiveCfg = Release|Win32
		{7374EB7F-60B1-441F-8A22-0FEBC72B557E}.WinRT-UWP-Release|x86.Build.0 = Release|Win32
		{7374EB7F-60B1-441F-8A22-0FEBC72B557E}.WinRT-UWP-Release45|ARM.ActiveCfg = Release|Win32
		{7374EB7F-60B1-441F-8A22-0FEBC72B557E}.WinRT-UWP-Release45|ARM.Build.0 = Release|Win32
		{7374EB7F-60B1-441F-8A22-0FEBC72B557E}.WinRT-UWP-Release45|x64.ActiveCfg = Release|x64
		{7374EB7F-60B1-441F-8A22-0FEBC72B557E}.WinRT-UWP-Release45|x64.Build.0 = Release|x64
		{7374EB7F-60B1-441F-8A22-0FEBC72B557E}.WinRT-UWP-Release45|x86.ActiveCfg = Release|Win32
		{7374EB7F-60B1-441F-8A22-0FEBC72B557E}.WinRT-UWP-Release45|x86.Build.0 = Release|Win32
		{69A2E939-19E5-40BC-8EA4-8A5BEF7A23C5}.Debug_Tests|ARM.ActiveCfg = Debug|x64
		{69A2E939-19E5-40BC-8EA4-8A5BEF7A23C5}.Debug_Tests|ARM.Build.0 = Debug|x64
		{69A2E939-19E5-40BC-8EA4-8A5BEF7A23C5}.Debug_Tests|x64.ActiveCfg = Debug|x64
		{69A2E939-19E5-40BC-8EA4-8A5BEF7A23C5}.Debug_Tests|x64.Build.0 = Debug|x64
		{69A2E939-19E5-40BC-8EA4-8A5BEF7A23C5}.Debug_Tests|x86.ActiveCfg = Debug|Win32
		{69A2E939-19E5-40BC-8EA4-8A5BEF7A23C5}.Debug_Tests|x86.Build.0 = Debug|Win32
		{69A2E939-19E5-40BC-8EA4-8A5BEF7A23C5}.Debug|ARM.ActiveCfg = Debug|Win32
		{69A2E939-19E5-40BC-8EA4-8A5BEF7A23C5}.Debug|x64.ActiveCfg = Debug|Win32
		{69A2E939-19E5-40BC-8EA4-8A5BEF7A23C5}.Debug|x64.Build.0 = Debug|Win32
		{69A2E939-19E5-40BC-8EA4-8A5BEF7A23C5}.Debug|x86.ActiveCfg = Debug|Win32
		{69A2E939-19E5-40BC-8EA4-8A5BEF7A23C5}.Debug|x86.Build.0 = Debug|Win32
		{69A2E939-19E5-40BC-8EA4-8A5BEF7A23C5}.Debug45|ARM.ActiveCfg = Debug|x64
		{69A2E939-19E5-40BC-8EA4-8A5BEF7A23C5}.Debug45|ARM.Build.0 = Debug|x64
		{69A2E939-19E5-40BC-8EA4-8A5BEF7A23C5}.Debug45|x64.ActiveCfg = Debug|x64
		{69A2E939-19E5-40BC-8EA4-8A5BEF7A23C5}.Debug45|x64.Build.0 = Debug|x64
		{69A2E939-19E5-40BC-8EA4-8A5BEF7A23C5}.Debug45|x86.ActiveCfg = Debug|Win32
		{69A2E939-19E5-40BC-8EA4-8A5BEF7A23C5}.Debug45|x86.Build.0 = Debug|Win32
		{69A2E939-19E5-40BC-8EA4-8A5BEF7A23C5}.Release|ARM.ActiveCfg = Release|Win32
		{69A2E939-19E5-40BC-8EA4-8A5BEF7A23C5}.Release|x64.ActiveCfg = Release|x64
		{69A2E939-19E5-40BC-8EA4-8A5BEF7A23C5}.Release|x64.Build.0 = Release|x64
		{69A2E939-19E5-40BC-8EA4-8A5BEF7A23C5}.Release|x86.ActiveCfg = Release|Win32
		{69A2E939-19E5-40BC-8EA4-8A5BEF7A23C5}.Release|x86.Build.0 = Release|Win32
		{69A2E939-19E5-40BC-8EA4-8A5BEF7A23C5}.Release45|ARM.ActiveCfg = Debug|x64
		{69A2E939-19E5-40BC-8EA4-8A5BEF7A23C5}.Release45|ARM.Build.0 = Debug|x64
		{69A2E939-19E5-40BC-8EA4-8A5BEF7A23C5}.Release45|x64.ActiveCfg = Release|x64
		{69A2E939-19E5-40BC-8EA4-8A5BEF7A23C5}.Release45|x64.Build.0 = Release|x64
		{69A2E939-19E5-40BC-8EA4-8A5BEF7A23C5}.Release45|x86.ActiveCfg = Release|Win32
		{69A2E939-19E5-40BC-8EA4-8A5BEF7A23C5}.Release45|x86.Build.0 = Release|Win32
		{69A2E939-19E5-40BC-8EA4-8A5BEF7A23C5}.WinRT-UWP-Debug|ARM.ActiveCfg = Debug|x64
		{69A2E939-19E5-40BC-8EA4-8A5BEF7A23C5}.WinRT-UWP-Debug|ARM.Build.0 = Debug|x64
		{69A2E939-19E5-40BC-8EA4-8A5BEF7A23C5}.WinRT-UWP-Debug|x64.ActiveCfg = Debug|x64
		{69A2E939-19E5-40BC-8EA4-8A5BEF7A23C5}.WinRT-UWP-Debug|x64.Build.0 = Debug|x64
		{69A2E939-19E5-40BC-8EA4-8A5BEF7A23C5}.WinRT-UWP-Debug|x86.ActiveCfg = Debug|Win32
		{69A2E939-19E5-40BC-8EA4-8A5BEF7A23C5}.WinRT-UWP-Debug|x86.Build.0 = Debug|Win32
		{69A2E939-19E5-40BC-8EA4-8A5BEF7A23C5}.WinRT-UWP-Debug45|ARM.ActiveCfg = Debug|x64
		{69A2E939-19E5-40BC-8EA4-8A5BEF7A23C5}.WinRT-UWP-Debug45|ARM.Build.0 = Debug|x64
		{69A2E939-19E5-40BC-8EA4-8A5BEF7A23C5}.WinRT-UWP-Debug45|x64.ActiveCfg = Debug|x64
		{69A2E939-19E5-40BC-8EA4-8A5BEF7A23C5}.WinRT-UWP-Debug45|x64.Build.0 = Debug|x64
		{69A2E939-19E5-40BC-8EA4-8A5BEF7A23C5}.WinRT-UWP-Debug45|x86.ActiveCfg = Debug|Win32
		{69A2E939-19E5-40BC-8EA4-8A5BEF7A23C5}.WinRT-UWP-Debug45|x86.Build.0 = Debug|Win32
		{69A2E939-19E5-40BC-8EA4-8A5BEF7A23C5}.WinRT-UWP-Release|ARM.ActiveCfg = Debug|x64
		{69A2E939-19E5-40BC-8EA4-8A5BEF7A23C5}.WinRT-UWP-Release|ARM.Build.0 = Debug|x64
		{69A2E939-19E5-40BC-8EA4-8A5BEF7A23C5}.WinRT-UWP-Release|x64.ActiveCfg = Release|x64
		{69A2E939-19E5-40BC-8EA4-8A5BEF7A23C5}.WinRT-UWP-Release|x64.Build.0 = Release|x64
		{69A2E939-19E5-40BC-8EA4-8A5BEF7A23C5}.WinRT-UWP-Release|x86.ActiveCfg = Release|Win32
		{69A2E939-19E5-40BC-8EA4-8A5BEF7A23C5}.WinRT-UWP-Release|x86.Build.0 = Release|Win32
		{69A2E939-19E5-40BC-8EA4-8A5BEF7A23C5}.WinRT-UWP-Release45|ARM.ActiveCfg = Debug|x64
		{69A2E939-19E5-40BC-8EA4-8A5BEF7A23C5}.WinRT-UWP-Release45|ARM.Build.0 = Debug|x64
		{69A2E939-19E5-40BC-8EA4-8A5BEF7A23C5}.WinRT-UWP-Release45|x64.ActiveCfg = Release|x64
		{69A2E939-19E5-40BC-8EA4-8A5BEF7A23C5}.WinRT-UWP-Release45|x64.Build.0 = Release|x64
		{69A2E939-19E5-40BC-8EA4-8A5BEF7A23C5}.WinRT-UWP-Release45|x86.ActiveCfg = Release|Win32
		{69A2E939-19E5-40BC-8EA4-8A5BEF7A23C5}.WinRT-UWP-Release45|x86.Build.0 = Release|Win32
		{E4B15799-A6E7-47C7-BA91-9AA9F33DA3DF}.Debug_Tests|ARM.ActiveCfg = Release|Win32
		{E4B15799-A6E7-47C7-BA91-9AA9F33DA3DF}.Debug_Tests|ARM.Build.0 = Release|Win32
		{E4B15799-A6E7-47C7-BA91-9AA9F33DA3DF}.Debug_Tests|x64.ActiveCfg = Debug|x64
		{E4B15799-A6E7-47C7-BA91-9AA9F33DA3DF}.Debug_Tests|x64.Build.0 = Debug|x64
		{E4B15799-A6E7-47C7-BA91-9AA9F33DA3DF}.Debug_Tests|x86.ActiveCfg = Debug|Win32
		{E4B15799-A6E7-47C7-BA91-9AA9F33DA3DF}.Debug_Tests|x86.Build.0 = Debug|Win32
		{E4B15799-A6E7-47C7-BA91-9AA9F33DA3DF}.Debug|ARM.ActiveCfg = Debug|Win32
		{E4B15799-A6E7-47C7-BA91-9AA9F33DA3DF}.Debug|x64.ActiveCfg = Debug|x64
		{E4B15799-A6E7-47C7-BA91-9AA9F33DA3DF}.Debug|x64.Build.0 = Debug|x64
		{E4B15799-A6E7-47C7-BA91-9AA9F33DA3DF}.Debug|x86.ActiveCfg = Debug|Win32
		{E4B15799-A6E7-47C7-BA91-9AA9F33DA3DF}.Debug|x86.Build.0 = Debug|Win32
		{E4B15799-A6E7-47C7-BA91-9AA9F33DA3DF}.Debug45|ARM.ActiveCfg = Release|Win32
		{E4B15799-A6E7-47C7-BA91-9AA9F33DA3DF}.Debug45|ARM.Build.0 = Release|Win32
		{E4B15799-A6E7-47C7-BA91-9AA9F33DA3DF}.Debug45|x64.ActiveCfg = Debug|x64
		{E4B15799-A6E7-47C7-BA91-9AA9F33DA3DF}.Debug45|x64.Build.0 = Debug|x64
		{E4B15799-A6E7-47C7-BA91-9AA9F33DA3DF}.Debug45|x86.ActiveCfg = Debug|Win32
		{E4B15799-A6E7-47C7-BA91-9AA9F33DA3DF}.Debug45|x86.Build.0 = Debug|Win32
		{E4B15799-A6E7-47C7-BA91-9AA9F33DA3DF}.Release|ARM.ActiveCfg = Release|Win32
		{E4B15799-A6E7-47C7-BA91-9AA9F33DA3DF}.Release|x64.ActiveCfg = Release|x64
		{E4B15799-A6E7-47C7-BA91-9AA9F33DA3DF}.Release|x64.Build.0 = Release|x64
		{E4B15799-A6E7-47C7-BA91-9AA9F33DA3DF}.Release|x86.ActiveCfg = Release|Win32
		{E4B15799-A6E7-47C7-BA91-9AA9F33DA3DF}.Release|x86.Build.0 = Release|Win32
		{E4B15799-A6E7-47C7-BA91-9AA9F33DA3DF}.Release45|ARM.ActiveCfg = Release|Win32
		{E4B15799-A6E7-47C7-BA91-9AA9F33DA3DF}.Release45|ARM.Build.0 = Release|Win32
		{E4B15799-A6E7-47C7-BA91-9AA9F33DA3DF}.Release45|x64.ActiveCfg = Release|x64
		{E4B15799-A6E7-47C7-BA91-9AA9F33DA3DF}.Release45|x64.Build.0 = Release|x64
		{E4B15799-A6E7-47C7-BA91-9AA9F33DA3DF}.Release45|x86.ActiveCfg = Release|Win32
		{E4B15799-A6E7-47C7-BA91-9AA9F33DA3DF}.Release45|x86.Build.0 = Release|Win32
		{E4B15799-A6E7-47C7-BA91-9AA9F33DA3DF}.WinRT-UWP-Debug|ARM.ActiveCfg = Release|Win32
		{E4B15799-A6E7-47C7-BA91-9AA9F33DA3DF}.WinRT-UWP-Debug|ARM.Build.0 = Release|Win32
		{E4B15799-A6E7-47C7-BA91-9AA9F33DA3DF}.WinRT-UWP-Debug|x64.ActiveCfg = Debug|x64
		{E4B15799-A6E7-47C7-BA91-9AA9F33DA3DF}.WinRT-UWP-Debug|x64.Build.0 = Debug|x64
		{E4B15799-A6E7-47C7-BA91-9AA9F33DA3DF}.WinRT-UWP-Debug|x86.ActiveCfg = Debug|Win32
		{E4B15799-A6E7-47C7-BA91-9AA9F33DA3DF}.WinRT-UWP-Debug|x86.Build.0 = Debug|Win32
		{E4B15799-A6E7-47C7-BA91-9AA9F33DA3DF}.WinRT-UWP-Debug45|ARM.ActiveCfg = Release|Win32
		{E4B15799-A6E7-47C7-BA91-9AA9F33DA3DF}.WinRT-UWP-Debug45|ARM.Build.0 = Release|Win32
		{E4B15799-A6E7-47C7-BA91-9AA9F33DA3DF}.WinRT-UWP-Debug45|x64.ActiveCfg = Debug|x64
		{E4B15799-A6E7-47C7-BA91-9AA9F33DA3DF}.WinRT-UWP-Debug45|x64.Build.0 = Debug|x64
		{E4B15799-A6E7-47C7-BA91-9AA9F33DA3DF}.WinRT-UWP-Debug45|x86.ActiveCfg = Debug|Win32
		{E4B15799-A6E7-47C7-BA91-9AA9F33DA3DF}.WinRT-UWP-Debug45|x86.Build.0 = Debug|Win32
		{E4B15799-A6E7-47C7-BA91-9AA9F33DA3DF}.WinRT-UWP-Release|ARM.ActiveCfg = Release|Win32
		{E4B15799-A6E7-47C7-BA91-9AA9F33DA3DF}.WinRT-UWP-Release|ARM.Build.0 = Release|Win32
		{E4B15799-A6E7-47C7-BA91-9AA9F33DA3DF}.WinRT-UWP-Release|x64.ActiveCfg = Release|x64
		{E4B15799-A6E7-47C7-BA91-9AA9F33DA3DF}.WinRT-UWP-Release|x64.Build.0 = Release|x64
		{E4B15799-A6E7-47C7-BA91-9AA9F33DA3DF}.WinRT-UWP-Release|x86.ActiveCfg = Release|Win32
		{E4B15799-A6E7-47C7-BA91-9AA9F33DA3DF}.WinRT-UWP-Release|x86.Build.0 = Release|Win32
		{E4B15799-A6E7-47C7-BA91-9AA9F33DA3DF}.WinRT-UWP-Release45|ARM.ActiveCfg = Release|Win32
		{E4B15799-A6E7-47C7-BA91-9AA9F33DA3DF}.WinRT-UWP-Release45|ARM.Build.0 = Release|Win32
		{E4B15799-A6E7-47C7-BA91-9AA9F33DA3DF}.WinRT-UWP-Release45|x64.ActiveCfg = Release|x64
		{E4B15799-A6E7-47C7-BA91-9AA9F33DA3DF}.WinRT-UWP-Release45|x64.Build.0 = Release|x64
		{E4B15799-A6E7-47C7-BA91-9AA9F33DA3DF}.WinRT-UWP-Release45|x86.ActiveCfg = Release|Win32
		{E4B15799-A6E7-47C7-BA91-9AA9F33DA3DF}.WinRT-UWP-Release45|x86.Build.0 = Release|Win32
		{8CAFAE65-D955-457F-954A-9B6F22FC3520}.Debug_Tests|ARM.ActiveCfg = Debug|x64
		{8CAFAE65-D955-457F-954A-9B6F22FC3520}.Debug_Tests|ARM.Build.0 = Debug|x64
		{8CAFAE65-D955-457F-954A-9B6F22FC3520}.Debug_Tests|x64.ActiveCfg = Debug|x64
		{8CAFAE65-D955-457F-954A-9B6F22FC3520}.Debug_Tests|x64.Build.0 = Debug|x64
		{8CAFAE65-D955-457F-954A-9B6F22FC3520}.Debug_Tests|x86.ActiveCfg = Debug|Win32
		{8CAFAE65-D955-457F-954A-9B6F22FC3520}.Debug_Tests|x86.Build.0 = Debug|Win32
		{8CAFAE65-D955-457F-954A-9B6F22FC3520}.Debug|ARM.ActiveCfg = Debug|Win32
		{8CAFAE65-D955-457F-954A-9B6F22FC3520}.Debug|x64.ActiveCfg = Debug|Win32
		{8CAFAE65-D955-457F-954A-9B6F22FC3520}.Debug|x64.Build.0 = Debug|Win32
		{8CAFAE65-D955-457F-954A-9B6F22FC3520}.Debug|x86.ActiveCfg = Debug|Win32
		{8CAFAE65-D955-457F-954A-9B6F22FC3520}.Debug|x86.Build.0 = Debug|Win32
		{8CAFAE65-D955-457F-954A-9B6F22FC3520}.Debug45|ARM.ActiveCfg = Debug|x64
		{8CAFAE65-D955-457F-954A-9B6F22FC3520}.Debug45|ARM.Build.0 = Debug|x64
		{8CAFAE65-D955-457F-954A-9B6F22FC3520}.Debug45|x64.ActiveCfg = Debug|x64
		{8CAFAE65-D955-457F-954A-9B6F22FC3520}.Debug45|x64.Build.0 = Debug|x64
		{8CAFAE65-D955-457F-954A-9B6F22FC3520}.Debug45|x86.ActiveCfg = Debug|Win32
		{8CAFAE65-D955-457F-954A-9B6F22FC3520}.Debug45|x86.Build.0 = Debug|Win32
		{8CAFAE65-D955-457F-954A-9B6F22FC3520}.Release|ARM.ActiveCfg = Release|Win32
		{8CAFAE65-D955-457F-954A-9B6F22FC3520}.Release|x64.ActiveCfg = Release|x64
		{8CAFAE65-D955-457F-954A-9B6F22FC3520}.Release|x64.Build.0 = Release|x64
		{8CAFAE65-D955-457F-954A-9B6F22FC3520}.Release|x86.ActiveCfg = Release|Win32
		{8CAFAE65-D955-457F-954A-9B6F22FC3520}.Release|x86.Build.0 = Release|Win32
		{8CAFAE65-D955-457F-954A-9B6F22FC3520}.Release45|ARM.ActiveCfg = Debug|x64
		{8CAFAE65-D955-457F-954A-9B6F22FC3520}.Release45|ARM.Build.0 = Debug|x64
		{8CAFAE65-D955-457F-954A-9B6F22FC3520}.Release45|x64.ActiveCfg = Release|x64
		{8CAFAE65-D955-457F-954A-9B6F22FC3520}.Release45|x64.Build.0 = Release|x64
		{8CAFAE65-D955-457F-954A-9B6F22FC3520}.Release45|x86.ActiveCfg = Release|Win32
		{8CAFAE65-D955-457F-954A-9B6F22FC3520}.Release45|x86.Build.0 = Release|Win32
		{8CAFAE65-D955-457F-954A-9B6F22FC3520}.WinRT-UWP-Debug|ARM.ActiveCfg = Debug|x64
		{8CAFAE65-D955-457F-954A-9B6F22FC3520}.WinRT-UWP-Debug|ARM.Build.0 = Debug|x64
		{8CAFAE65-D955-457F-954A-9B6F22FC3520}.WinRT-UWP-Debug|x64.ActiveCfg = Debug|x64
		{8CAFAE65-D955-457F-954A-9B6F22FC3520}.WinRT-UWP-Debug|x64.Build.0 = Debug|x64
		{8CAFAE65-D955-457F-954A-9B6F22FC3520}.WinRT-UWP-Debug|x86.ActiveCfg = Debug|Win32
		{8CAFAE65-D955-457F-954A-9B6F22FC3520}.WinRT-UWP-Debug|x86.Build.0 = Debug|Win32
		{8CAFAE65-D955-457F-954A-9B6F22FC3520}.WinRT-UWP-Debug45|ARM.ActiveCfg = Debug|x64
		{8CAFAE65-D955-457F-954A-9B6F22FC3520}.WinRT-UWP-Debug45|ARM.Build.0 = Debug|x64
		{8CAFAE65-D955-457F-954A-9B6F22FC3520}.WinRT-UWP-Debug45|x64.ActiveCfg = Debug|x64
		{8CAFAE65-D955-457F-954A-9B6F22FC3520}.WinRT-UWP-Debug45|x64.Build.0 = Debug|x64
		{8CAFAE65-D955-457F-954A-9B6F22FC3520}.WinRT-UWP-Debug45|x86.ActiveCfg = Debug|Win32
		{8CAFAE65-D955-457F-954A-9B6F22FC3520}.WinRT-UWP-Debug45|x86.Build.0 = Debug|Win32
		{8CAFAE65-D955-457F-954A-9B6F22FC3520}.WinRT-UWP-Release|ARM.ActiveCfg = Debug|x64
		{8CAFAE65-D955-457F-954A-9B6F22FC3520}.WinRT-UWP-Release|ARM.Build.0 = Debug|x64
		{8CAFAE65-D955-457F-954A-9B6F22FC3520}.WinRT-UWP-Release|x64.ActiveCfg = Release|x64
		{8CAFAE65-D955-457F-954A-9B6F22FC3520}.WinRT-UWP-Release|x64.Build.0 = Release|x64
		{8CAFAE65-D955-457F-954A-9B6F22FC3520}.WinRT-UWP-Release|x86.ActiveCfg = Release|Win32
		{8CAFAE65-D955-457F-954A-9B6F22FC3520}.WinRT-UWP-Release|x86.Build.0 = Release|Win32
		{8CAFAE65-D955-457F-954A-9B6F22FC3520}.WinRT-UWP-Release45|ARM.ActiveCfg = Debug|x64
		{8CAFAE65-D955-457F-954A-9B6F22FC3520}.WinRT-UWP-Release45|ARM.Build.0 = Debug|x64
		{8CAFAE65-D955-457F-954A-9B6F22FC3520}.WinRT-UWP-Release45|x64.ActiveCfg = Release|x64
		{8CAFAE65-D955-457F-954A-9B6F22FC3520}.WinRT-UWP-Release45|x64.Build.0 = Release|x64
		{8CAFAE65-D955-457F-954A-9B6F22FC3520}.WinRT-UWP-Release45|x86.ActiveCfg = Release|Win32
		{8CAFAE65-D955-457F-954A-9B6F22FC3520}.WinRT-UWP-Release45|x86.Build.0 = Release|Win32
		{9FE18B12-A45E-4C04-B4FE-E88D54BDD9AE}.Debug_Tests|ARM.ActiveCfg = Release|Win32
		{9FE18B12-A45E-4C04-B4FE-E88D54BDD9AE}.Debug_Tests|ARM.Build.0 = Release|Win32
		{9FE18B12-A45E-4C04-B4FE-E88D54BDD9AE}.Debug_Tests|x64.ActiveCfg = Debug|x64
		{9FE18B12-A45E-4C04-B4FE-E88D54BDD9AE}.Debug_Tests|x64.Build.0 = Debug|x64
		{9FE18B12-A45E-4C04-B4FE-E88D54BDD9AE}.Debug_Tests|x86.ActiveCfg = Debug|Win32
		{9FE18B12-A45E-4C04-B4FE-E88D54BDD9AE}.Debug_Tests|x86.Build.0 = Debug|Win32
		{9FE18B12-A45E-4C04-B4FE-E88D54BDD9AE}.Debug|ARM.ActiveCfg = Debug|Win32
		{9FE18B12-A45E-4C04-B4FE-E88D54BDD9AE}.Debug|x64.ActiveCfg = Debug|x64
		{9FE18B12-A45E-4C04-B4FE-E88D54BDD9AE}.Debug|x64.Build.0 = Debug|x64
		{9FE18B12-A45E-4C04-B4FE-E88D54BDD9AE}.Debug|x86.ActiveCfg = Debug|Win32
		{9FE18B12-A45E-4C04-B4FE-E88D54BDD9AE}.Debug|x86.Build.0 = Debug|Win32
		{9FE18B12-A45E-4C04-B4FE-E88D54BDD9AE}.Debug45|ARM.ActiveCfg = Release|Win32
		{9FE18B12-A45E-4C04-B4FE-E88D54BDD9AE}.Debug45|ARM.Build.0 = Release|Win32
		{9FE18B12-A45E-4C04-B4FE-E88D54BDD9AE}.Debug45|x64.ActiveCfg = Debug|x64
		{9FE18B12-A45E-4C04-B4FE-E88D54BDD9AE}.Debug45|x64.Build.0 = Debug|x64
		{9FE18B12-A45E-4C04-B4FE-E88D54BDD9AE}.Debug45|x86.ActiveCfg = Debug|Win32
		{9FE18B12-A45E-4C04-B4FE-E88D54BDD9AE}.Debug45|x86.Build.0 = Debug|Win32
		{9FE18B12-A45E-4C04-B4FE-E88D54BDD9AE}.Release|ARM.ActiveCfg = Release|Win32
		{9FE18B12-A45E-4C04-B4FE-E88D54BDD9AE}.Release|x64.ActiveCfg = Release|x64
		{9FE18B12-A45E-4C04-B4FE-E88D54BDD9AE}.Release|x64.Build.0 = Release|x64
		{9FE18B12-A45E-4C04-B4FE-E88D54BDD9AE}.Release|x86.ActiveCfg = Release|Win32
		{9FE18B12-A45E-4C04-B4FE-E88D54BDD9AE}.Release|x86.Build.0 = Release|Win32
		{9FE18B12-A45E-4C04-B4FE-E88D54BDD9AE}.Release45|ARM.ActiveCfg = Release|Win32
		{9FE18B12-A45E-4C04-B4FE-E88D54BDD9AE}.Release45|ARM.Build.0 = Release|Win32
		{9FE18B12-A45E-4C04-B4FE-E88D54BDD9AE}.Release45|x64.ActiveCfg = Release|x64
		{9FE18B12-A45E-4C04-B4FE-E88D54BDD9AE}.Release45|x64.Build.0 = Release|x64
		{9FE18B12-A45E-4C04-B4FE-E88D54BDD9AE}.Release45|x86.ActiveCfg = Release|Win32
		{9FE18B12-A45E-4C04-B4FE-E88D54BDD9AE}.Release45|x86.Build.0 = Release|Win32
		{9FE18B12-A45E-4C04-B4FE-E88D54BDD9AE}.WinRT-UWP-Debug|ARM.ActiveCfg = Release|Win32
		{9FE18B12-A45E-4C04-B4FE-E88D54BDD9AE}.WinRT-UWP-Debug|ARM.Build.0 = Release|Win32
		{9FE18B12-A45E-4C04-B4FE-E88D54BDD9AE}.WinRT-UWP-Debug|x64.ActiveCfg = Debug|x64
		{9FE18B12-A45E-4C04-B4FE-E88D54BDD9AE}.WinRT-UWP-Debug|x64.Build.0 = Debug|x64
		{9FE18B12-A45E-4C04-B4FE-E88D54BDD9AE}.WinRT-UWP-Debug|x86.ActiveCfg = Debug|Win32
		{9FE18B12-A45E-4C04-B4FE-E88D54BDD9AE}.WinRT-UWP-Debug|x86.Build.0 = Debug|Win32
		{9FE18B12-A45E-4C04-B4FE-E88D54BDD9AE}.WinRT-UWP-Debug45|ARM.ActiveCfg = Release|Win32
		{9FE18B12-A45E-4C04-B4FE-E88D54BDD9AE}.WinRT-UWP-Debug45|ARM.Build.0 = Release|Win32
		{9FE18B12-A45E-4C04-B4FE-E88D54BDD9AE}.WinRT-UWP-Debug45|x64.ActiveCfg = Debug|x64
		{9FE18B12-A45E-4C04-B4FE-E88D54BDD9AE}.WinRT-UWP-Debug45|x64.Build.0 = Debug|x64
		{9FE18B12-A45E-4C04-B4FE-E88D54BDD9AE}.WinRT-UWP-Debug45|x86.ActiveCfg = Debug|Win32
		{9FE18B12-A45E-4C04-B4FE-E88D54BDD9AE}.WinRT-UWP-Debug45|x86.Build.0 = Debug|Win32
		{9FE18B12-A45E-4C04-B4FE-E88D54BDD9AE}.WinRT-UWP-Release|ARM.ActiveCfg = Release|Win32
		{9FE18B12-A45E-4C04-B4FE-E88D54BDD9AE}.WinRT-UWP-Release|ARM.Build.0 = Release|Win32
		{9FE18B12-A45E-4C04-B4FE-E88D54BDD9AE}.WinRT-UWP-Release|x64.ActiveCfg = Release|x64
		{9FE18B12-A45E-4C04-B4FE-E88D54BDD9AE}.WinRT-UWP-Release|x64.Build.0 = Release|x64
		{9FE18B12-A45E-4C04-B4FE-E88D54BDD9AE}.WinRT-UWP-Release|x86.ActiveCfg = Release|Win32
		{9FE18B12-A45E-4C04-B4FE-E88D54BDD9AE}.WinRT-UWP-Release|x86.Build.0 = Release|Win32
		{9FE18B12-A45E-4C04-B4FE-E88D54BDD9AE}.WinRT-UWP-Release45|ARM.ActiveCfg = Release|Win32
		{9FE18B12-A45E-4C04-B4FE-E88D54BDD9AE}.WinRT-UWP-Release45|ARM.Build.0 = Release|Win32
		{9FE18B12-A45E-4C04-B4FE-E88D54BDD9AE}.WinRT-UWP-Release45|x64.ActiveCfg = Release|x64
		{9FE18B12-A45E-4C04-B4FE-E88D54BDD9AE}.WinRT-UWP-Release45|x64.Build.0 = Release|x64
		{9FE18B12-A45E-4C04-B4FE-E88D54BDD9AE}.WinRT-UWP-Release45|x86.ActiveCfg = Release|Win32
		{9FE18B12-A45E-4C04-B4FE-E88D54BDD9AE}.WinRT-UWP-Release45|x86.Build.0 = Release|Win32
		{848E3796-AAAC-4726-9B51-94FBFEB667B3}.Debug_Tests|ARM.ActiveCfg = Debug_Tests|ARM
		{848E3796-AAAC-4726-9B51-94FBFEB667B3}.Debug_Tests|ARM.Build.0 = Debug_Tests|ARM
		{848E3796-AAAC-4726-9B51-94FBFEB667B3}.Debug_Tests|x64.ActiveCfg = Debug_Tests|x64
		{848E3796-AAAC-4726-9B51-94FBFEB667B3}.Debug_Tests|x64.Build.0 = Debug_Tests|x64
		{848E3796-AAAC-4726-9B51-94FBFEB667B3}.Debug_Tests|x86.ActiveCfg = Debug_Tests|Win32
		{848E3796-AAAC-4726-9B51-94FBFEB667B3}.Debug_Tests|x86.Build.0 = Debug_Tests|Win32
		{848E3796-AAAC-4726-9B51-94FBFEB667B3}.Debug|ARM.ActiveCfg = Debug|ARM
		{848E3796-AAAC-4726-9B51-94FBFEB667B3}.Debug|ARM.Build.0 = Debug|ARM
		{848E3796-AAAC-4726-9B51-94FBFEB667B3}.Debug|x64.ActiveCfg = Debug|x64
		{848E3796-AAAC-4726-9B51-94FBFEB667B3}.Debug|x64.Build.0 = Debug|x64
		{848E3796-AAAC-4726-9B51-94FBFEB667B3}.Debug|x86.ActiveCfg = Debug|Win32
		{848E3796-AAAC-4726-9B51-94FBFEB667B3}.Debug|x86.Build.0 = Debug|Win32
		{848E3796-AAAC-4726-9B51-94FBFEB667B3}.Debug45|ARM.ActiveCfg = Debug45|ARM
		{848E3796-AAAC-4726-9B51-94FBFEB667B3}.Debug45|ARM.Build.0 = Debug45|ARM
		{848E3796-AAAC-4726-9B51-94FBFEB667B3}.Debug45|x64.ActiveCfg = Debug45|x64
		{848E3796-AAAC-4726-9B51-94FBFEB667B3}.Debug45|x64.Build.0 = Debug45|x64
		{848E3796-AAAC-4726-9B51-94FBFEB667B3}.Debug45|x86.ActiveCfg = Debug45|Win32
		{848E3796-AAAC-4726-9B51-94FBFEB667B3}.Debug45|x86.Build.0 = Debug45|Win32
		{848E3796-AAAC-4726-9B51-94FBFEB667B3}.Release|ARM.ActiveCfg = Release|ARM
		{848E3796-AAAC-4726-9B51-94FBFEB667B3}.Release|ARM.Build.0 = Release|ARM
		{848E3796-AAAC-4726-9B51-94FBFEB667B3}.Release|x64.ActiveCfg = Release|x64
		{848E3796-AAAC-4726-9B51-94FBFEB667B3}.Release|x64.Build.0 = Release|x64
		{848E3796-AAAC-4726-9B51-94FBFEB667B3}.Release|x86.ActiveCfg = Release|Win32
		{848E3796-AAAC-4726-9B51-94FBFEB667B3}.Release|x86.Build.0 = Release|Win32
		{848E3796-AAAC-4726-9B51-94FBFEB667B3}.Release45|ARM.ActiveCfg = Release45|ARM
		{848E3796-AAAC-4726-9B51-94FBFEB667B3}.Release45|ARM.Build.0 = Release45|ARM
		{848E3796-AAAC-4726-9B51-94FBFEB667B3}.Release45|x64.ActiveCfg = Release45|x64
		{848E3796-AAAC-4726-9B51-94FBFEB667B3}.Release45|x64.Build.0 = Release45|x64
		{848E3796-AAAC-4726-9B51-94FBFEB667B3}.Release45|x86.ActiveCfg = Release45|Win32
		{848E3796-AAAC-4726-9B51-94FBFEB667B3}.Release45|x86.Build.0 = Release45|Win32
		{848E3796-AAAC-4726-9B51-94FBFEB667B3}.WinRT-UWP-Debug|ARM.ActiveCfg = WinRT-UWP-Debug|ARM
		{848E3796-AAAC-4726-9B51-94FBFEB667B3}.WinRT-UWP-Debug|ARM.Build.0 = WinRT-UWP-Debug|ARM
		{848E3796-AAAC-4726-9B51-94FBFEB667B3}.WinRT-UWP-Debug|x64.ActiveCfg = WinRT-UWP-Debug|x64
		{848E3796-AAAC-4726-9B51-94FBFEB667B3}.WinRT-UWP-Debug|x64.Build.0 = WinRT-UWP-Debug|x64
		{848E3796-AAAC-4726-9B51-94FBFEB667B3}.WinRT-UWP-Debug|x86.ActiveCfg = WinRT-UWP-Debug|Win32
		{848E3796-AAAC-4726-9B51-94FBFEB667B3}.WinRT-UWP-Debug|x86.Build.0 = WinRT-UWP-Debug|Win32
		{848E3796-AAAC-4726-9B51-94FBFEB667B3}.WinRT-UWP-Debug45|ARM.ActiveCfg = WinRT-UWP-Debug45|ARM
		{848E3796-AAAC-4726-9B51-94FBFEB667B3}.WinRT-UWP-Debug45|ARM.Build.0 = WinRT-UWP-Debug45|ARM
		{848E3796-AAAC-4726-9B51-94FBFEB667B3}.WinRT-UWP-Debug45|x64.ActiveCfg = WinRT-UWP-Debug45|x64
		{848E3796-AAAC-4726-9B51-94FBFEB667B3}.WinRT-UWP-Debug45|x64.Build.0 = WinRT-UWP-Debug45|x64
		{848E3796-AAAC-4726-9B51-94FBFEB667B3}.WinRT-UWP-Debug45|x86.ActiveCfg = WinRT-UWP-Debug45|Win32
		{848E3796-AAAC-4726-9B51-94FBFEB667B3}.WinRT-UWP-Debug45|x86.Build.0 = WinRT-UWP-Debug45|Win32
		{848E3796-AAAC-4726-9B51-94FBFEB667B3}.WinRT-UWP-Release|ARM.ActiveCfg = WinRT-UWP-Release|ARM
		{848E3796-AAAC-4726-9B51-94FBFEB667B3}.WinRT-UWP-Release|ARM.Build.0 = WinRT-UWP-Release|ARM
		{848E3796-AAAC-4726-9B51-94FBFEB667B3}.WinRT-UWP-Release|x64.ActiveCfg = WinRT-UWP-Release|x64
		{848E3796-AAAC-4726-9B51-94FBFEB667B3}.WinRT-UWP-Release|x64.Build.0 = WinRT-UWP-Release|x64
		{848E3796-AAAC-4726-9B51-94FBFEB667B3}.WinRT-UWP-Release|x86.ActiveCfg = WinRT-UWP-Release|Win32
		{848E3796-AAAC-4726-9B51-94FBFEB667B3}.WinRT-UWP-Release|x86.Build.0 = WinRT-UWP-Release|Win32
		{848E3796-AAAC-4726-9B51-94FBFEB667B3}.WinRT-UWP-Release45|ARM.ActiveCfg = WinRT-UWP-Release45|ARM
		{848E3796-AAAC-4726-9B51-94FBFEB667B3}.WinRT-UWP-Release45|ARM.Build.0 = WinRT-UWP-Release45|ARM
		{848E3796-AAAC-4726-9B51-94FBFEB667B3}.WinRT-UWP-Release45|x64.ActiveCfg = WinRT-UWP-Release45|x64
		{848E3796-AAAC-4726-9B51-94FBFEB667B3}.WinRT-UWP-Release45|x64.Build.0 = WinRT-UWP-Release45|x64
		{848E3796-AAAC-4726-9B51-94FBFEB667B3}.WinRT-UWP-Release45|x86.ActiveCfg = WinRT-UWP-Release45|Win32
		{848E3796-AAAC-4726-9B51-94FBFEB667B3}.WinRT-UWP-Release45|x86.Build.0 = WinRT-UWP-Release45|Win32
	EndGlobalSection
	GlobalSection(SolutionProperties) = preSolution
		HideSolutionNode = FALSE
	EndGlobalSection
	GlobalSection(NestedProjects) = preSolution
		{74B59587-B61C-4B34-8149-04DCEC8EA775} = {9CCD03BC-5127-47FE-A51C-3D1F79EDE33F}
		{6DA075EF-D999-4FAF-9A86-8B2480669674} = {9CCD03BC-5127-47FE-A51C-3D1F79EDE33F}
		{ADE22FBB-6C94-4FC3-9A10-58A75A0C7F19} = {9CCD03BC-5127-47FE-A51C-3D1F79EDE33F}
		{8E6477D1-4A8D-4157-A0A3-5C43EE3ACA90} = {ADE22FBB-6C94-4FC3-9A10-58A75A0C7F19}
		{2C83902F-E373-4DC3-8D7A-452053583813} = {ADE22FBB-6C94-4FC3-9A10-58A75A0C7F19}
		{99D4DB48-9B33-4762-B0B7-C65AAAF41073} = {ADE22FBB-6C94-4FC3-9A10-58A75A0C7F19}
		{9E666F14-8CE5-404A-990D-286B28745302} = {ADE22FBB-6C94-4FC3-9A10-58A75A0C7F19}
		{7374EB7F-60B1-441F-8A22-0FEBC72B557E} = {ADE22FBB-6C94-4FC3-9A10-58A75A0C7F19}
		{69A2E939-19E5-40BC-8EA4-8A5BEF7A23C5} = {ADE22FBB-6C94-4FC3-9A10-58A75A0C7F19}
		{314DB8AC-6CE0-4CA6-B80F-EECEEC49F551} = {A6E993AA-3AFA-4079-ABC6-E783635FB757}
		{E4B15799-A6E7-47C7-BA91-9AA9F33DA3DF} = {A6E993AA-3AFA-4079-ABC6-E783635FB757}
		{8CAFAE65-D955-457F-954A-9B6F22FC3520} = {A6E993AA-3AFA-4079-ABC6-E783635FB757}
		{9FE18B12-A45E-4C04-B4FE-E88D54BDD9AE} = {A6E993AA-3AFA-4079-ABC6-E783635FB757}
		{848E3796-AAAC-4726-9B51-94FBFEB667B3} = {2D8E54C4-B201-4AE7-914C-FB9C0E108F9C}
	EndGlobalSection
	GlobalSection(ExtensibilityGlobals) = postSolution
		SolutionGuid = {7BEA3CC9-6CC9-49C5-AF34-AC39073C2578}
	EndGlobalSection
EndGlobal
